// !$*UTF8*$!
{
	archiveVersion = 1;
	classes = {
	};
	objectVersion = 50;
	objects = {

/* Begin PBXBuildFile section */
		C64243DF6916B9421C3CF869 /* Pods_FirebaseCoo.framework in Frameworks */ = {isa = PBXBuildFile; fileRef = 69C2A4D4B4891633FD5BD3E2 /* Pods_FirebaseCoo.framework */; };
		EB31BDC8207C58D100E523CF /* RegisterViewController.swift in Sources */ = {isa = PBXBuildFile; fileRef = EB31BDC7207C58D100E523CF /* RegisterViewController.swift */; };
		EB31BDCA207C58DF00E523CF /* LoginViewController.swift in Sources */ = {isa = PBXBuildFile; fileRef = EB31BDC9207C58DF00E523CF /* LoginViewController.swift */; };
		EBBC2FF6207C4D780047F6CE /* AppDelegate.swift in Sources */ = {isa = PBXBuildFile; fileRef = EBBC2FF5207C4D780047F6CE /* AppDelegate.swift */; };
		EBBC2FF8207C4D780047F6CE /* ViewController.swift in Sources */ = {isa = PBXBuildFile; fileRef = EBBC2FF7207C4D780047F6CE /* ViewController.swift */; };
		EBBC2FFB207C4D780047F6CE /* Main.storyboard in Resources */ = {isa = PBXBuildFile; fileRef = EBBC2FF9207C4D780047F6CE /* Main.storyboard */; };
		EBBC2FFD207C4D7A0047F6CE /* Assets.xcassets in Resources */ = {isa = PBXBuildFile; fileRef = EBBC2FFC207C4D7A0047F6CE /* Assets.xcassets */; };
		EBBC3000207C4D7A0047F6CE /* LaunchScreen.storyboard in Resources */ = {isa = PBXBuildFile; fileRef = EBBC2FFE207C4D7A0047F6CE /* LaunchScreen.storyboard */; };
		EBBC300B207C4FFB0047F6CE /* GoogleService-Info.plist in Resources */ = {isa = PBXBuildFile; fileRef = EBBC300A207C4FFB0047F6CE /* GoogleService-Info.plist */; };
/* End PBXBuildFile section */

/* Begin PBXFileReference section */
		3C8968DE0AC376B6A02C0429 /* Pods-FirebaseCoo.debug.xcconfig */ = {isa = PBXFileReference; includeInIndex = 1; lastKnownFileType = text.xcconfig; name = "Pods-FirebaseCoo.debug.xcconfig"; path = "Pods/Target Support Files/Pods-FirebaseCoo/Pods-FirebaseCoo.debug.xcconfig"; sourceTree = "<group>"; };
		642E3DFC8EA2F772947BDF3A /* Pods-FirebaseCoo.release.xcconfig */ = {isa = PBXFileReference; includeInIndex = 1; lastKnownFileType = text.xcconfig; name = "Pods-FirebaseCoo.release.xcconfig"; path = "Pods/Target Support Files/Pods-FirebaseCoo/Pods-FirebaseCoo.release.xcconfig"; sourceTree = "<group>"; };
		69C2A4D4B4891633FD5BD3E2 /* Pods_FirebaseCoo.framework */ = {isa = PBXFileReference; explicitFileType = wrapper.framework; includeInIndex = 0; path = Pods_FirebaseCoo.framework; sourceTree = BUILT_PRODUCTS_DIR; };
		EB31BDC7207C58D100E523CF /* RegisterViewController.swift */ = {isa = PBXFileReference; lastKnownFileType = sourcecode.swift; path = RegisterViewController.swift; sourceTree = "<group>"; };
		EB31BDC9207C58DF00E523CF /* LoginViewController.swift */ = {isa = PBXFileReference; lastKnownFileType = sourcecode.swift; path = LoginViewController.swift; sourceTree = "<group>"; };
		EBBC2FF2207C4D780047F6CE /* FirebaseCoo.app */ = {isa = PBXFileReference; explicitFileType = wrapper.application; includeInIndex = 0; path = FirebaseCoo.app; sourceTree = BUILT_PRODUCTS_DIR; };
		EBBC2FF5207C4D780047F6CE /* AppDelegate.swift */ = {isa = PBXFileReference; lastKnownFileType = sourcecode.swift; path = AppDelegate.swift; sourceTree = "<group>"; };
		EBBC2FF7207C4D780047F6CE /* ViewController.swift */ = {isa = PBXFileReference; lastKnownFileType = sourcecode.swift; path = ViewController.swift; sourceTree = "<group>"; };
		EBBC2FFA207C4D780047F6CE /* Base */ = {isa = PBXFileReference; lastKnownFileType = file.storyboard; name = Base; path = Base.lproj/Main.storyboard; sourceTree = "<group>"; };
		EBBC2FFC207C4D7A0047F6CE /* Assets.xcassets */ = {isa = PBXFileReference; lastKnownFileType = folder.assetcatalog; path = Assets.xcassets; sourceTree = "<group>"; };
		EBBC2FFF207C4D7A0047F6CE /* Base */ = {isa = PBXFileReference; lastKnownFileType = file.storyboard; name = Base; path = Base.lproj/LaunchScreen.storyboard; sourceTree = "<group>"; };
		EBBC3001207C4D7A0047F6CE /* Info.plist */ = {isa = PBXFileReference; lastKnownFileType = text.plist.xml; path = Info.plist; sourceTree = "<group>"; };
		EBBC300A207C4FFB0047F6CE /* GoogleService-Info.plist */ = {isa = PBXFileReference; fileEncoding = 4; lastKnownFileType = text.plist.xml; path = "GoogleService-Info.plist"; sourceTree = "<group>"; };
/* End PBXFileReference section */

/* Begin PBXFrameworksBuildPhase section */
		EBBC2FEF207C4D780047F6CE /* Frameworks */ = {
			isa = PBXFrameworksBuildPhase;
			buildActionMask = 2147483647;
			files = (
				C64243DF6916B9421C3CF869 /* Pods_FirebaseCoo.framework in Frameworks */,
			);
			runOnlyForDeploymentPostprocessing = 0;
		};
/* End PBXFrameworksBuildPhase section */

/* Begin PBXGroup section */
		111E2E844F10C025572F613B /* Frameworks */ = {
			isa = PBXGroup;
			children = (
				69C2A4D4B4891633FD5BD3E2 /* Pods_FirebaseCoo.framework */,
			);
			name = Frameworks;
			sourceTree = "<group>";
		};
		2302A8A759601C33477A3CD0 /* Pods */ = {
			isa = PBXGroup;
			children = (
				3C8968DE0AC376B6A02C0429 /* Pods-FirebaseCoo.debug.xcconfig */,
				642E3DFC8EA2F772947BDF3A /* Pods-FirebaseCoo.release.xcconfig */,
			);
			name = Pods;
			sourceTree = "<group>";
		};
		EBBC2FE9207C4D780047F6CE = {
			isa = PBXGroup;
			children = (
				EBBC2FF4207C4D780047F6CE /* FirebaseCoo */,
				EBBC2FF3207C4D780047F6CE /* Products */,
				2302A8A759601C33477A3CD0 /* Pods */,
				111E2E844F10C025572F613B /* Frameworks */,
			);
			sourceTree = "<group>";
		};
		EBBC2FF3207C4D780047F6CE /* Products */ = {
			isa = PBXGroup;
			children = (
				EBBC2FF2207C4D780047F6CE /* FirebaseCoo.app */,
			);
			name = Products;
			sourceTree = "<group>";
		};
		EBBC2FF4207C4D780047F6CE /* FirebaseCoo */ = {
			isa = PBXGroup;
			children = (
				EBBC3009207C4FC70047F6CE /* Controller */,
				EBBC3008207C4FBB0047F6CE /* View */,
				EBBC3007207C4FAF0047F6CE /* Support */,
			);
			path = FirebaseCoo;
			sourceTree = "<group>";
		};
		EBBC3007207C4FAF0047F6CE /* Support */ = {
			isa = PBXGroup;
			children = (
				EBBC300A207C4FFB0047F6CE /* GoogleService-Info.plist */,
				EBBC2FFC207C4D7A0047F6CE /* Assets.xcassets */,
				EBBC3001207C4D7A0047F6CE /* Info.plist */,
			);
			path = Support;
			sourceTree = "<group>";
		};
		EBBC3008207C4FBB0047F6CE /* View */ = {
			isa = PBXGroup;
			children = (
				EBBC2FF9207C4D780047F6CE /* Main.storyboard */,
				EBBC2FFE207C4D7A0047F6CE /* LaunchScreen.storyboard */,
			);
			path = View;
			sourceTree = "<group>";
		};
		EBBC3009207C4FC70047F6CE /* Controller */ = {
			isa = PBXGroup;
			children = (
				EBBC2FF5207C4D780047F6CE /* AppDelegate.swift */,
				EBBC2FF7207C4D780047F6CE /* ViewController.swift */,
				EB31BDC7207C58D100E523CF /* RegisterViewController.swift */,
				EB31BDC9207C58DF00E523CF /* LoginViewController.swift */,
			);
			path = Controller;
			sourceTree = "<group>";
		};
/* End PBXGroup section */

/* Begin PBXNativeTarget section */
		EBBC2FF1207C4D780047F6CE /* FirebaseCoo */ = {
			isa = PBXNativeTarget;
			buildConfigurationList = EBBC3004207C4D7A0047F6CE /* Build configuration list for PBXNativeTarget "FirebaseCoo" */;
			buildPhases = (
				B69D1A78DCBB57BA4941575C /* [CP] Check Pods Manifest.lock */,
				EBBC2FEE207C4D780047F6CE /* Sources */,
				EBBC2FEF207C4D780047F6CE /* Frameworks */,
				EBBC2FF0207C4D780047F6CE /* Resources */,
				72112F2F9ACCFA7F724A0FB9 /* [CP] Embed Pods Frameworks */,
				C727E9ECDAA27BB2AD4A6B8B /* [CP] Copy Pods Resources */,
			);
			buildRules = (
			);
			dependencies = (
			);
			name = FirebaseCoo;
			productName = FirebaseCoo;
			productReference = EBBC2FF2207C4D780047F6CE /* FirebaseCoo.app */;
			productType = "com.apple.product-type.application";
		};
/* End PBXNativeTarget section */

/* Begin PBXProject section */
		EBBC2FEA207C4D780047F6CE /* Project object */ = {
			isa = PBXProject;
			attributes = {
				LastSwiftUpdateCheck = 0930;
				LastUpgradeCheck = 0930;
				ORGANIZATIONNAME = DjangoCode;
				TargetAttributes = {
					EBBC2FF1207C4D780047F6CE = {
						CreatedOnToolsVersion = 9.3;
					};
				};
			};
			buildConfigurationList = EBBC2FED207C4D780047F6CE /* Build configuration list for PBXProject "FirebaseCoo" */;
			compatibilityVersion = "Xcode 9.3";
			developmentRegion = en;
			hasScannedForEncodings = 0;
			knownRegions = (
				en,
				Base,
			);
			mainGroup = EBBC2FE9207C4D780047F6CE;
			productRefGroup = EBBC2FF3207C4D780047F6CE /* Products */;
			projectDirPath = "";
			projectRoot = "";
			targets = (
				EBBC2FF1207C4D780047F6CE /* FirebaseCoo */,
			);
		};
/* End PBXProject section */

/* Begin PBXResourcesBuildPhase section */
		EBBC2FF0207C4D780047F6CE /* Resources */ = {
			isa = PBXResourcesBuildPhase;
			buildActionMask = 2147483647;
			files = (
				EBBC3000207C4D7A0047F6CE /* LaunchScreen.storyboard in Resources */,
				EBBC300B207C4FFB0047F6CE /* GoogleService-Info.plist in Resources */,
				EBBC2FFD207C4D7A0047F6CE /* Assets.xcassets in Resources */,
				EBBC2FFB207C4D780047F6CE /* Main.storyboard in Resources */,
			);
			runOnlyForDeploymentPostprocessing = 0;
		};
/* End PBXResourcesBuildPhase section */

/* Begin PBXShellScriptBuildPhase section */
		72112F2F9ACCFA7F724A0FB9 /* [CP] Embed Pods Frameworks */ = {
			isa = PBXShellScriptBuildPhase;
			buildActionMask = 2147483647;
			files = (
			);
			inputPaths = (
				"${SRCROOT}/Pods/Target Support Files/Pods-FirebaseCoo/Pods-FirebaseCoo-frameworks.sh",
				"${BUILT_PRODUCTS_DIR}/GTMSessionFetcher/GTMSessionFetcher.framework",
				"${BUILT_PRODUCTS_DIR}/GoogleToolboxForMac/GoogleToolboxForMac.framework",
				"${BUILT_PRODUCTS_DIR}/leveldb-library/leveldb.framework",
				"${BUILT_PRODUCTS_DIR}/nanopb/nanopb.framework",
			);
			name = "[CP] Embed Pods Frameworks";
			outputPaths = (
				"${TARGET_BUILD_DIR}/${FRAMEWORKS_FOLDER_PATH}/GTMSessionFetcher.framework",
				"${TARGET_BUILD_DIR}/${FRAMEWORKS_FOLDER_PATH}/GoogleToolboxForMac.framework",
				"${TARGET_BUILD_DIR}/${FRAMEWORKS_FOLDER_PATH}/leveldb.framework",
				"${TARGET_BUILD_DIR}/${FRAMEWORKS_FOLDER_PATH}/nanopb.framework",
			);
			runOnlyForDeploymentPostprocessing = 0;
			shellPath = /bin/sh;
			shellScript = "\"${SRCROOT}/Pods/Target Support Files/Pods-FirebaseCoo/Pods-FirebaseCoo-frameworks.sh\"\n";
			showEnvVarsInLog = 0;
		};
		B69D1A78DCBB57BA4941575C /* [CP] Check Pods Manifest.lock */ = {
			isa = PBXShellScriptBuildPhase;
			buildActionMask = 2147483647;
			files = (
			);
			inputPaths = (
				"${PODS_PODFILE_DIR_PATH}/Podfile.lock",
				"${PODS_ROOT}/Manifest.lock",
			);
			name = "[CP] Check Pods Manifest.lock";
			outputPaths = (
				"$(DERIVED_FILE_DIR)/Pods-FirebaseCoo-checkManifestLockResult.txt",
			);
			runOnlyForDeploymentPostprocessing = 0;
			shellPath = /bin/sh;
			shellScript = "diff \"${PODS_PODFILE_DIR_PATH}/Podfile.lock\" \"${PODS_ROOT}/Manifest.lock\" > /dev/null\nif [ $? != 0 ] ; then\n    # print error to STDERR\n    echo \"error: The sandbox is not in sync with the Podfile.lock. Run 'pod install' or update your CocoaPods installation.\" >&2\n    exit 1\nfi\n# This output is used by Xcode 'outputs' to avoid re-running this script phase.\necho \"SUCCESS\" > \"${SCRIPT_OUTPUT_FILE_0}\"\n";
			showEnvVarsInLog = 0;
		};
		C727E9ECDAA27BB2AD4A6B8B /* [CP] Copy Pods Resources */ = {
			isa = PBXShellScriptBuildPhase;
			buildActionMask = 2147483647;
			files = (
			);
			inputPaths = (
				"${SRCROOT}/Pods/Target Support Files/Pods-FirebaseCoo/Pods-FirebaseCoo-resources.sh",
				"${PODS_CONFIGURATION_BUILD_DIR}/FirebaseUI/FirebaseAuthUI.bundle",
				"${PODS_CONFIGURATION_BUILD_DIR}/FirebaseUI/FirebaseFacebookAuthUI.bundle",
				"${PODS_CONFIGURATION_BUILD_DIR}/FirebaseUI/FirebaseGoogleAuthUI.bundle",
				"${PODS_CONFIGURATION_BUILD_DIR}/FirebaseUI/FirebasePhoneAuthUI.bundle",
				"${PODS_CONFIGURATION_BUILD_DIR}/FirebaseUI/FirebaseTwitterAuthUI.bundle",
				"${PODS_ROOT}/GoogleSignIn/Resources/GoogleSignIn.bundle",
				"${PODS_ROOT}/TwitterKit/iOS/TwitterKit.framework/TwitterKitResources.bundle",
				"${PODS_ROOT}/TwitterKit/iOS/TwitterKit.framework/TwitterShareExtensionUIResources.bundle",
			);
			name = "[CP] Copy Pods Resources";
			outputPaths = (
				"${TARGET_BUILD_DIR}/${UNLOCALIZED_RESOURCES_FOLDER_PATH}/FirebaseAuthUI.bundle",
				"${TARGET_BUILD_DIR}/${UNLOCALIZED_RESOURCES_FOLDER_PATH}/FirebaseFacebookAuthUI.bundle",
				"${TARGET_BUILD_DIR}/${UNLOCALIZED_RESOURCES_FOLDER_PATH}/FirebaseGoogleAuthUI.bundle",
				"${TARGET_BUILD_DIR}/${UNLOCALIZED_RESOURCES_FOLDER_PATH}/FirebasePhoneAuthUI.bundle",
				"${TARGET_BUILD_DIR}/${UNLOCALIZED_RESOURCES_FOLDER_PATH}/FirebaseTwitterAuthUI.bundle",
				"${TARGET_BUILD_DIR}/${UNLOCALIZED_RESOURCES_FOLDER_PATH}/GoogleSignIn.bundle",
				"${TARGET_BUILD_DIR}/${UNLOCALIZED_RESOURCES_FOLDER_PATH}/TwitterKitResources.bundle",
				"${TARGET_BUILD_DIR}/${UNLOCALIZED_RESOURCES_FOLDER_PATH}/TwitterShareExtensionUIResources.bundle",
			);
			runOnlyForDeploymentPostprocessing = 0;
			shellPath = /bin/sh;
			shellScript = "\"${SRCROOT}/Pods/Target Support Files/Pods-FirebaseCoo/Pods-FirebaseCoo-resources.sh\"\n";
			showEnvVarsInLog = 0;
		};
/* End PBXShellScriptBuildPhase section */

/* Begin PBXSourcesBuildPhase section */
		EBBC2FEE207C4D780047F6CE /* Sources */ = {
			isa = PBXSourcesBuildPhase;
			buildActionMask = 2147483647;
			files = (
				EB31BDCA207C58DF00E523CF /* LoginViewController.swift in Sources */,
				EB31BDC8207C58D100E523CF /* RegisterViewController.swift in Sources */,
				EBBC2FF8207C4D780047F6CE /* ViewController.swift in Sources */,
				EBBC2FF6207C4D780047F6CE /* AppDelegate.swift in Sources */,
			);
			runOnlyForDeploymentPostprocessing = 0;
		};
/* End PBXSourcesBuildPhase section */

/* Begin PBXVariantGroup section */
		EBBC2FF9207C4D780047F6CE /* Main.storyboard */ = {
			isa = PBXVariantGroup;
			children = (
				EBBC2FFA207C4D780047F6CE /* Base */,
			);
			name = Main.storyboard;
			sourceTree = "<group>";
		};
		EBBC2FFE207C4D7A0047F6CE /* LaunchScreen.storyboard */ = {
			isa = PBXVariantGroup;
			children = (
				EBBC2FFF207C4D7A0047F6CE /* Base */,
			);
			name = LaunchScreen.storyboard;
			sourceTree = "<group>";
		};
/* End PBXVariantGroup section */

/* Begin XCBuildConfiguration section */
		EBBC3002207C4D7A0047F6CE /* Debug */ = {
			isa = XCBuildConfiguration;
			buildSettings = {
				ALWAYS_SEARCH_USER_PATHS = NO;
				CLANG_ANALYZER_NONNULL = YES;
				CLANG_ANALYZER_NUMBER_OBJECT_CONVERSION = YES_AGGRESSIVE;
				CLANG_CXX_LANGUAGE_STANDARD = "gnu++14";
				CLANG_CXX_LIBRARY = "libc++";
				CLANG_ENABLE_MODULES = YES;
				CLANG_ENABLE_OBJC_ARC = YES;
				CLANG_ENABLE_OBJC_WEAK = YES;
				CLANG_WARN_BLOCK_CAPTURE_AUTORELEASING = YES;
				CLANG_WARN_BOOL_CONVERSION = YES;
				CLANG_WARN_COMMA = YES;
				CLANG_WARN_CONSTANT_CONVERSION = YES;
				CLANG_WARN_DEPRECATED_OBJC_IMPLEMENTATIONS = YES;
				CLANG_WARN_DIRECT_OBJC_ISA_USAGE = YES_ERROR;
				CLANG_WARN_DOCUMENTATION_COMMENTS = YES;
				CLANG_WARN_EMPTY_BODY = YES;
				CLANG_WARN_ENUM_CONVERSION = YES;
				CLANG_WARN_INFINITE_RECURSION = YES;
				CLANG_WARN_INT_CONVERSION = YES;
				CLANG_WARN_NON_LITERAL_NULL_CONVERSION = YES;
				CLANG_WARN_OBJC_IMPLICIT_RETAIN_SELF = YES;
				CLANG_WARN_OBJC_LITERAL_CONVERSION = YES;
				CLANG_WARN_OBJC_ROOT_CLASS = YES_ERROR;
				CLANG_WARN_RANGE_LOOP_ANALYSIS = YES;
				CLANG_WARN_STRICT_PROTOTYPES = YES;
				CLANG_WARN_SUSPICIOUS_MOVE = YES;
				CLANG_WARN_UNGUARDED_AVAILABILITY = YES_AGGRESSIVE;
				CLANG_WARN_UNREACHABLE_CODE = YES;
				CLANG_WARN__DUPLICATE_METHOD_MATCH = YES;
				CODE_SIGN_IDENTITY = "iPhone Developer";
				COPY_PHASE_STRIP = NO;
				DEBUG_INFORMATION_FORMAT = dwarf;
				ENABLE_STRICT_OBJC_MSGSEND = YES;
				ENABLE_TESTABILITY = YES;
				GCC_C_LANGUAGE_STANDARD = gnu11;
				GCC_DYNAMIC_NO_PIC = NO;
				GCC_NO_COMMON_BLOCKS = YES;
				GCC_OPTIMIZATION_LEVEL = 0;
				GCC_PREPROCESSOR_DEFINITIONS = (
					"DEBUG=1",
					"$(inherited)",
				);
				GCC_WARN_64_TO_32_BIT_CONVERSION = YES;
				GCC_WARN_ABOUT_RETURN_TYPE = YES_ERROR;
				GCC_WARN_UNDECLARED_SELECTOR = YES;
				GCC_WARN_UNINITIALIZED_AUTOS = YES_AGGRESSIVE;
				GCC_WARN_UNUSED_FUNCTION = YES;
				GCC_WARN_UNUSED_VARIABLE = YES;
				IPHONEOS_DEPLOYMENT_TARGET = 11.3;
				MTL_ENABLE_DEBUG_INFO = YES;
				ONLY_ACTIVE_ARCH = YES;
				SDKROOT = iphoneos;
				SWIFT_ACTIVE_COMPILATION_CONDITIONS = DEBUG;
				SWIFT_OPTIMIZATION_LEVEL = "-Onone";
			};
			name = Debug;
		};
		EBBC3003207C4D7A0047F6CE /* Release */ = {
			isa = XCBuildConfiguration;
			buildSettings = {
				ALWAYS_SEARCH_USER_PATHS = NO;
				CLANG_ANALYZER_NONNULL = YES;
				CLANG_ANALYZER_NUMBER_OBJECT_CONVERSION = YES_AGGRESSIVE;
				CLANG_CXX_LANGUAGE_STANDARD = "gnu++14";
				CLANG_CXX_LIBRARY = "libc++";
				CLANG_ENABLE_MODULES = YES;
				CLANG_ENABLE_OBJC_ARC = YES;
				CLANG_ENABLE_OBJC_WEAK = YES;
				CLANG_WARN_BLOCK_CAPTURE_AUTORELEASING = YES;
				CLANG_WARN_BOOL_CONVERSION = YES;
				CLANG_WARN_COMMA = YES;
				CLANG_WARN_CONSTANT_CONVERSION = YES;
				CLANG_WARN_DEPRECATED_OBJC_IMPLEMENTATIONS = YES;
				CLANG_WARN_DIRECT_OBJC_ISA_USAGE = YES_ERROR;
				CLANG_WARN_DOCUMENTATION_COMMENTS = YES;
				CLANG_WARN_EMPTY_BODY = YES;
				CLANG_WARN_ENUM_CONVERSION = YES;
				CLANG_WARN_INFINITE_RECURSION = YES;
				CLANG_WARN_INT_CONVERSION = YES;
				CLANG_WARN_NON_LITERAL_NULL_CONVERSION = YES;
				CLANG_WARN_OBJC_IMPLICIT_RETAIN_SELF = YES;
				CLANG_WARN_OBJC_LITERAL_CONVERSION = YES;
				CLANG_WARN_OBJC_ROOT_CLASS = YES_ERROR;
				CLANG_WARN_RANGE_LOOP_ANALYSIS = YES;
				CLANG_WARN_STRICT_PROTOTYPES = YES;
				CLANG_WARN_SUSPICIOUS_MOVE = YES;
				CLANG_WARN_UNGUARDED_AVAILABILITY = YES_AGGRESSIVE;
				CLANG_WARN_UNREACHABLE_CODE = YES;
				CLANG_WARN__DUPLICATE_METHOD_MATCH = YES;
				CODE_SIGN_IDENTITY = "iPhone Developer";
				COPY_PHASE_STRIP = NO;
				DEBUG_INFORMATION_FORMAT = "dwarf-with-dsym";
				ENABLE_NS_ASSERTIONS = NO;
				ENABLE_STRICT_OBJC_MSGSEND = YES;
				GCC_C_LANGUAGE_STANDARD = gnu11;
				GCC_NO_COMMON_BLOCKS = YES;
				GCC_WARN_64_TO_32_BIT_CONVERSION = YES;
				GCC_WARN_ABOUT_RETURN_TYPE = YES_ERROR;
				GCC_WARN_UNDECLARED_SELECTOR = YES;
				GCC_WARN_UNINITIALIZED_AUTOS = YES_AGGRESSIVE;
				GCC_WARN_UNUSED_FUNCTION = YES;
				GCC_WARN_UNUSED_VARIABLE = YES;
				IPHONEOS_DEPLOYMENT_TARGET = 11.3;
				MTL_ENABLE_DEBUG_INFO = NO;
				SDKROOT = iphoneos;
				SWIFT_COMPILATION_MODE = wholemodule;
				SWIFT_OPTIMIZATION_LEVEL = "-O";
				VALIDATE_PRODUCT = YES;
			};
			name = Release;
		};
		EBBC3005207C4D7A0047F6CE /* Debug */ = {
			isa = XCBuildConfiguration;
			baseConfigurationReference = 3C8968DE0AC376B6A02C0429 /* Pods-FirebaseCoo.debug.xcconfig */;
			buildSettings = {
				ASSETCATALOG_COMPILER_APPICON_NAME = AppIcon;
				CODE_SIGN_STYLE = Automatic;
				DEVELOPMENT_TEAM = 2CY3RX8F76;
				INFOPLIST_FILE = "$(SRCROOT)/FirebaseCoo/Support/Info.plist";
				LD_RUNPATH_SEARCH_PATHS = (
					"$(inherited)",
					"@executable_path/Frameworks",
				);
				PRODUCT_BUNDLE_IDENTIFIER = com.DjangoCode.FirebaseCoo;
				PRODUCT_NAME = "$(TARGET_NAME)";
				SWIFT_VERSION = 4.0;
				TARGETED_DEVICE_FAMILY = "1,2";
			};
			name = Debug;
		};
		EBBC3006207C4D7A0047F6CE /* Release */ = {
			isa = XCBuildConfiguration;
			baseConfigurationReference = 642E3DFC8EA2F772947BDF3A /* Pods-FirebaseCoo.release.xcconfig */;
			buildSettings = {
				ASSETCATALOG_COMPILER_APPICON_NAME = AppIcon;
				CODE_SIGN_STYLE = Automatic;
				DEVELOPMENT_TEAM = 2CY3RX8F76;
				INFOPLIST_FILE = "$(SRCROOT)/FirebaseCoo/Support/Info.plist";
				LD_RUNPATH_SEARCH_PATHS = (
					"$(inherited)",
					"@executable_path/Frameworks",
				);
				PRODUCT_BUNDLE_IDENTIFIER = com.DjangoCode.FirebaseCoo;
				PRODUCT_NAME = "$(TARGET_NAME)";
				SWIFT_VERSION = 4.0;
				TARGETED_DEVICE_FAMILY = "1,2";
			};
			name = Release;
		};
/* End XCBuildConfiguration section */

/* Begin XCConfigurationList section */
		EBBC2FED207C4D780047F6CE /* Build configuration list for PBXProject "FirebaseCoo" */ = {
			isa = XCConfigurationList;
			buildConfigurations = (
				EBBC3002207C4D7A0047F6CE /* Debug */,
				EBBC3003207C4D7A0047F6CE /* Release */,
			);
			defaultConfigurationIsVisible = 0;
			defaultConfigurationName = Release;
		};
		EBBC3004207C4D7A0047F6CE /* Build configuration list for PBXNativeTarget "FirebaseCoo" */ = {
			isa = XCConfigurationList;
			buildConfigurations = (
				EBBC3005207C4D7A0047F6CE /* Debug */,
				EBBC3006207C4D7A0047F6CE /* Release */,
			);
			defaultConfigurationIsVisible = 0;
			defaultConfigurationName = Release;
		};
/* End XCConfigurationList section */
	};
	rootObject = EBBC2FEA207C4D780047F6CE /* Project object */;
}
